// !$*UTF8*$!
{
	archiveVersion = 1;
	classes = {
	};
	objectVersion = 56;
	objects = {

/* Begin PBXBuildFile section */
		179072CD2B7014B80061009F /* AppDelegate.swift in Sources */ = {isa = PBXBuildFile; fileRef = 179072CC2B7014B80061009F /* AppDelegate.swift */; };
		179072CF2B7014B80061009F /* SceneDelegate.swift in Sources */ = {isa = PBXBuildFile; fileRef = 179072CE2B7014B80061009F /* SceneDelegate.swift */; };
		179072D12B7014B80061009F /* ViewController.swift in Sources */ = {isa = PBXBuildFile; fileRef = 179072D02B7014B80061009F /* ViewController.swift */; };
		179072D62B7014BA0061009F /* Assets.xcassets in Resources */ = {isa = PBXBuildFile; fileRef = 179072D52B7014BA0061009F /* Assets.xcassets */; };
		179072D92B7014BA0061009F /* LaunchScreen.storyboard in Resources */ = {isa = PBXBuildFile; fileRef = 179072D72B7014BA0061009F /* LaunchScreen.storyboard */; };
		179072F02B70195B0061009F /* Roboto-Medium.ttf in Resources */ = {isa = PBXBuildFile; fileRef = 179072E32B70195B0061009F /* Roboto-Medium.ttf */; };
		179072F12B70195B0061009F /* Roboto-Light.ttf in Resources */ = {isa = PBXBuildFile; fileRef = 179072E42B70195B0061009F /* Roboto-Light.ttf */; };
		179072F22B70195B0061009F /* Roboto-Regular.ttf in Resources */ = {isa = PBXBuildFile; fileRef = 179072E52B70195B0061009F /* Roboto-Regular.ttf */; };
		179072F32B70195B0061009F /* Roboto-MediumItalic.ttf in Resources */ = {isa = PBXBuildFile; fileRef = 179072E62B70195B0061009F /* Roboto-MediumItalic.ttf */; };
		179072F42B70195B0061009F /* Roboto-ThinItalic.ttf in Resources */ = {isa = PBXBuildFile; fileRef = 179072E72B70195B0061009F /* Roboto-ThinItalic.ttf */; };
		179072F52B70195B0061009F /* Roboto-BoldItalic.ttf in Resources */ = {isa = PBXBuildFile; fileRef = 179072E82B70195B0061009F /* Roboto-BoldItalic.ttf */; };
		179072F62B70195B0061009F /* Roboto-LightItalic.ttf in Resources */ = {isa = PBXBuildFile; fileRef = 179072E92B70195B0061009F /* Roboto-LightItalic.ttf */; };
		179072F72B70195B0061009F /* Roboto-Italic.ttf in Resources */ = {isa = PBXBuildFile; fileRef = 179072EA2B70195B0061009F /* Roboto-Italic.ttf */; };
		179072F82B70195B0061009F /* LICENSE.txt in Resources */ = {isa = PBXBuildFile; fileRef = 179072EB2B70195B0061009F /* LICENSE.txt */; };
		179072F92B70195B0061009F /* Roboto-BlackItalic.ttf in Resources */ = {isa = PBXBuildFile; fileRef = 179072EC2B70195B0061009F /* Roboto-BlackItalic.ttf */; };
		179072FA2B70195B0061009F /* Roboto-Bold.ttf in Resources */ = {isa = PBXBuildFile; fileRef = 179072ED2B70195B0061009F /* Roboto-Bold.ttf */; };
		179072FB2B70195B0061009F /* Roboto-Thin.ttf in Resources */ = {isa = PBXBuildFile; fileRef = 179072EE2B70195B0061009F /* Roboto-Thin.ttf */; };
		179072FC2B70195B0061009F /* Roboto-Black.ttf in Resources */ = {isa = PBXBuildFile; fileRef = 179072EF2B70195B0061009F /* Roboto-Black.ttf */; };
		179072FF2B701AA80061009F /* UIFont+Extensions.swift in Sources */ = {isa = PBXBuildFile; fileRef = 179072FE2B701AA80061009F /* UIFont+Extensions.swift */; };
		179073012B701EE20061009F /* UIColor+Extensions.swift in Sources */ = {isa = PBXBuildFile; fileRef = 179073002B701EE20061009F /* UIColor+Extensions.swift */; };
		179073032B701F690061009F /* AppColors.swift in Sources */ = {isa = PBXBuildFile; fileRef = 179073022B701F690061009F /* AppColors.swift */; };
		17A293462B70911600FE2384 /* Coordinator.swift in Sources */ = {isa = PBXBuildFile; fileRef = 17A293452B70911600FE2384 /* Coordinator.swift */; };
		17A9516E2B7C825F00CE32C8 /* AppCoordinator.swift in Sources */ = {isa = PBXBuildFile; fileRef = 17A9516D2B7C825F00CE32C8 /* AppCoordinator.swift */; };
		17A951702B7C836700CE32C8 /* OnboardingCoordinator.swift in Sources */ = {isa = PBXBuildFile; fileRef = 17A9516F2B7C836700CE32C8 /* OnboardingCoordinator.swift */; };
		17A951722B7DCEDF00CE32C8 /* HomeCoordinator.swift in Sources */ = {isa = PBXBuildFile; fileRef = 17A951712B7DCEDF00CE32C8 /* HomeCoordinator.swift */; };
		17A951742B7DCF6000CE32C8 /* OrderCoordinator.swift in Sources */ = {isa = PBXBuildFile; fileRef = 17A951732B7DCF6000CE32C8 /* OrderCoordinator.swift */; };
		17A951762B7DCF7100CE32C8 /* ListCoordinator.swift in Sources */ = {isa = PBXBuildFile; fileRef = 17A951752B7DCF7100CE32C8 /* ListCoordinator.swift */; };
		17A951782B7DCF7600CE32C8 /* ProfileCoordinator.swift in Sources */ = {isa = PBXBuildFile; fileRef = 17A951772B7DCF7600CE32C8 /* ProfileCoordinator.swift */; };
		17A9517A2B7DD01000CE32C8 /* TabBarController.swift in Sources */ = {isa = PBXBuildFile; fileRef = 17A951792B7DD01000CE32C8 /* TabBarController.swift */; };
		17A951802B7F324800CE32C8 /* OnboardingViewController.swift in Sources */ = {isa = PBXBuildFile; fileRef = 17A9517F2B7F324800CE32C8 /* OnboardingViewController.swift */; };
		17A951822B7F328600CE32C8 /* OnboardingViewPresenter.swift in Sources */ = {isa = PBXBuildFile; fileRef = 17A951812B7F328600CE32C8 /* OnboardingViewPresenter.swift */; };
/* End PBXBuildFile section */

/* Begin PBXFileReference section */
		179072C92B7014B80061009F /* FoodDelivery.app */ = {isa = PBXFileReference; explicitFileType = wrapper.application; includeInIndex = 0; path = FoodDelivery.app; sourceTree = BUILT_PRODUCTS_DIR; };
		179072CC2B7014B80061009F /* AppDelegate.swift */ = {isa = PBXFileReference; lastKnownFileType = sourcecode.swift; path = AppDelegate.swift; sourceTree = "<group>"; };
		179072CE2B7014B80061009F /* SceneDelegate.swift */ = {isa = PBXFileReference; lastKnownFileType = sourcecode.swift; path = SceneDelegate.swift; sourceTree = "<group>"; };
		179072D02B7014B80061009F /* ViewController.swift */ = {isa = PBXFileReference; lastKnownFileType = sourcecode.swift; path = ViewController.swift; sourceTree = "<group>"; };
		179072D52B7014BA0061009F /* Assets.xcassets */ = {isa = PBXFileReference; lastKnownFileType = folder.assetcatalog; path = Assets.xcassets; sourceTree = "<group>"; };
		179072D82B7014BA0061009F /* Base */ = {isa = PBXFileReference; lastKnownFileType = file.storyboard; name = Base; path = Base.lproj/LaunchScreen.storyboard; sourceTree = "<group>"; };
		179072DA2B7014BA0061009F /* Info.plist */ = {isa = PBXFileReference; lastKnownFileType = text.plist.xml; path = Info.plist; sourceTree = "<group>"; };
		179072E32B70195B0061009F /* Roboto-Medium.ttf */ = {isa = PBXFileReference; lastKnownFileType = file; path = "Roboto-Medium.ttf"; sourceTree = "<group>"; };
		179072E42B70195B0061009F /* Roboto-Light.ttf */ = {isa = PBXFileReference; lastKnownFileType = file; path = "Roboto-Light.ttf"; sourceTree = "<group>"; };
		179072E52B70195B0061009F /* Roboto-Regular.ttf */ = {isa = PBXFileReference; lastKnownFileType = file; path = "Roboto-Regular.ttf"; sourceTree = "<group>"; };
		179072E62B70195B0061009F /* Roboto-MediumItalic.ttf */ = {isa = PBXFileReference; lastKnownFileType = file; path = "Roboto-MediumItalic.ttf"; sourceTree = "<group>"; };
		179072E72B70195B0061009F /* Roboto-ThinItalic.ttf */ = {isa = PBXFileReference; lastKnownFileType = file; path = "Roboto-ThinItalic.ttf"; sourceTree = "<group>"; };
		179072E82B70195B0061009F /* Roboto-BoldItalic.ttf */ = {isa = PBXFileReference; lastKnownFileType = file; path = "Roboto-BoldItalic.ttf"; sourceTree = "<group>"; };
		179072E92B70195B0061009F /* Roboto-LightItalic.ttf */ = {isa = PBXFileReference; lastKnownFileType = file; path = "Roboto-LightItalic.ttf"; sourceTree = "<group>"; };
		179072EA2B70195B0061009F /* Roboto-Italic.ttf */ = {isa = PBXFileReference; lastKnownFileType = file; path = "Roboto-Italic.ttf"; sourceTree = "<group>"; };
		179072EB2B70195B0061009F /* LICENSE.txt */ = {isa = PBXFileReference; fileEncoding = 4; lastKnownFileType = text; path = LICENSE.txt; sourceTree = "<group>"; };
		179072EC2B70195B0061009F /* Roboto-BlackItalic.ttf */ = {isa = PBXFileReference; lastKnownFileType = file; path = "Roboto-BlackItalic.ttf"; sourceTree = "<group>"; };
		179072ED2B70195B0061009F /* Roboto-Bold.ttf */ = {isa = PBXFileReference; lastKnownFileType = file; path = "Roboto-Bold.ttf"; sourceTree = "<group>"; };
		179072EE2B70195B0061009F /* Roboto-Thin.ttf */ = {isa = PBXFileReference; lastKnownFileType = file; path = "Roboto-Thin.ttf"; sourceTree = "<group>"; };
		179072EF2B70195B0061009F /* Roboto-Black.ttf */ = {isa = PBXFileReference; lastKnownFileType = file; path = "Roboto-Black.ttf"; sourceTree = "<group>"; };
		179072FE2B701AA80061009F /* UIFont+Extensions.swift */ = {isa = PBXFileReference; lastKnownFileType = sourcecode.swift; path = "UIFont+Extensions.swift"; sourceTree = "<group>"; };
		179073002B701EE20061009F /* UIColor+Extensions.swift */ = {isa = PBXFileReference; lastKnownFileType = sourcecode.swift; path = "UIColor+Extensions.swift"; sourceTree = "<group>"; };
		179073022B701F690061009F /* AppColors.swift */ = {isa = PBXFileReference; lastKnownFileType = sourcecode.swift; path = AppColors.swift; sourceTree = "<group>"; };
		17A293452B70911600FE2384 /* Coordinator.swift */ = {isa = PBXFileReference; lastKnownFileType = sourcecode.swift; path = Coordinator.swift; sourceTree = "<group>"; };
		17A9516D2B7C825F00CE32C8 /* AppCoordinator.swift */ = {isa = PBXFileReference; lastKnownFileType = sourcecode.swift; path = AppCoordinator.swift; sourceTree = "<group>"; };
		17A9516F2B7C836700CE32C8 /* OnboardingCoordinator.swift */ = {isa = PBXFileReference; lastKnownFileType = sourcecode.swift; path = OnboardingCoordinator.swift; sourceTree = "<group>"; };
		17A951712B7DCEDF00CE32C8 /* HomeCoordinator.swift */ = {isa = PBXFileReference; lastKnownFileType = sourcecode.swift; path = HomeCoordinator.swift; sourceTree = "<group>"; };
		17A951732B7DCF6000CE32C8 /* OrderCoordinator.swift */ = {isa = PBXFileReference; lastKnownFileType = sourcecode.swift; path = OrderCoordinator.swift; sourceTree = "<group>"; };
		17A951752B7DCF7100CE32C8 /* ListCoordinator.swift */ = {isa = PBXFileReference; lastKnownFileType = sourcecode.swift; path = ListCoordinator.swift; sourceTree = "<group>"; };
		17A951772B7DCF7600CE32C8 /* ProfileCoordinator.swift */ = {isa = PBXFileReference; lastKnownFileType = sourcecode.swift; path = ProfileCoordinator.swift; sourceTree = "<group>"; };
		17A951792B7DD01000CE32C8 /* TabBarController.swift */ = {isa = PBXFileReference; lastKnownFileType = sourcecode.swift; path = TabBarController.swift; sourceTree = "<group>"; };
		17A9517F2B7F324800CE32C8 /* OnboardingViewController.swift */ = {isa = PBXFileReference; lastKnownFileType = sourcecode.swift; path = OnboardingViewController.swift; sourceTree = "<group>"; };
		17A951812B7F328600CE32C8 /* OnboardingViewPresenter.swift */ = {isa = PBXFileReference; lastKnownFileType = sourcecode.swift; path = OnboardingViewPresenter.swift; sourceTree = "<group>"; };
/* End PBXFileReference section */

/* Begin PBXFrameworksBuildPhase section */
		179072C62B7014B80061009F /* Frameworks */ = {
			isa = PBXFrameworksBuildPhase;
			buildActionMask = 2147483647;
			files = (
			);
			runOnlyForDeploymentPostprocessing = 0;
		};
/* End PBXFrameworksBuildPhase section */

/* Begin PBXGroup section */
		179072C02B7014B80061009F = {
			isa = PBXGroup;
			children = (
				179072CB2B7014B80061009F /* FoodDelivery */,
				179072CA2B7014B80061009F /* Products */,
			);
			sourceTree = "<group>";
		};
		179072CA2B7014B80061009F /* Products */ = {
			isa = PBXGroup;
			children = (
				179072C92B7014B80061009F /* FoodDelivery.app */,
			);
			name = Products;
			sourceTree = "<group>";
		};
		179072CB2B7014B80061009F /* FoodDelivery */ = {
			isa = PBXGroup;
			children = (
				17A9517B2B7F30F000CE32C8 /* UILayer */,
				17A293422B7090C000FE2384 /* NavigationLayer */,
				179072E02B7018FA0061009F /* Resources */,
				179072CC2B7014B80061009F /* AppDelegate.swift */,
				179072CE2B7014B80061009F /* SceneDelegate.swift */,
				179072D02B7014B80061009F /* ViewController.swift */,
				179072D52B7014BA0061009F /* Assets.xcassets */,
				179072D72B7014BA0061009F /* LaunchScreen.storyboard */,
				179072DA2B7014BA0061009F /* Info.plist */,
			);
			path = FoodDelivery;
			sourceTree = "<group>";
		};
		179072E02B7018FA0061009F /* Resources */ = {
			isa = PBXGroup;
			children = (
				179073022B701F690061009F /* AppColors.swift */,
				179072FD2B701A8B0061009F /* Extensions */,
				179072E12B7019070061009F /* Fonts */,
			);
			path = Resources;
			sourceTree = "<group>";
		};
		179072E12B7019070061009F /* Fonts */ = {
			isa = PBXGroup;
			children = (
				179072E22B70195B0061009F /* Roboto */,
			);
			path = Fonts;
			sourceTree = "<group>";
		};
		179072E22B70195B0061009F /* Roboto */ = {
			isa = PBXGroup;
			children = (
				179072EB2B70195B0061009F /* LICENSE.txt */,
				179072E32B70195B0061009F /* Roboto-Medium.ttf */,
				179072E42B70195B0061009F /* Roboto-Light.ttf */,
				179072E52B70195B0061009F /* Roboto-Regular.ttf */,
				179072E62B70195B0061009F /* Roboto-MediumItalic.ttf */,
				179072E72B70195B0061009F /* Roboto-ThinItalic.ttf */,
				179072E82B70195B0061009F /* Roboto-BoldItalic.ttf */,
				179072E92B70195B0061009F /* Roboto-LightItalic.ttf */,
				179072EA2B70195B0061009F /* Roboto-Italic.ttf */,
				179072EC2B70195B0061009F /* Roboto-BlackItalic.ttf */,
				179072ED2B70195B0061009F /* Roboto-Bold.ttf */,
				179072EE2B70195B0061009F /* Roboto-Thin.ttf */,
				179072EF2B70195B0061009F /* Roboto-Black.ttf */,
			);
			path = Roboto;
			sourceTree = "<group>";
		};
		179072FD2B701A8B0061009F /* Extensions */ = {
			isa = PBXGroup;
			children = (
				179072FE2B701AA80061009F /* UIFont+Extensions.swift */,
				179073002B701EE20061009F /* UIColor+Extensions.swift */,
			);
			path = Extensions;
			sourceTree = "<group>";
		};
		17A293422B7090C000FE2384 /* NavigationLayer */ = {
			isa = PBXGroup;
			children = (
				17A293442B7090FB00FE2384 /* Coordinators */,
				17A293432B7090E900FE2384 /* Controllers */,
			);
			path = NavigationLayer;
			sourceTree = "<group>";
		};
		17A293432B7090E900FE2384 /* Controllers */ = {
			isa = PBXGroup;
			children = (
				17A951792B7DD01000CE32C8 /* TabBarController.swift */,
			);
			path = Controllers;
			sourceTree = "<group>";
		};
		17A293442B7090FB00FE2384 /* Coordinators */ = {
			isa = PBXGroup;
			children = (
				17A293452B70911600FE2384 /* Coordinator.swift */,
				17A9516D2B7C825F00CE32C8 /* AppCoordinator.swift */,
				17A9516F2B7C836700CE32C8 /* OnboardingCoordinator.swift */,
				17A951712B7DCEDF00CE32C8 /* HomeCoordinator.swift */,
				17A951732B7DCF6000CE32C8 /* OrderCoordinator.swift */,
				17A951752B7DCF7100CE32C8 /* ListCoordinator.swift */,
				17A951772B7DCF7600CE32C8 /* ProfileCoordinator.swift */,
			);
			path = Coordinators;
			sourceTree = "<group>";
		};
		17A9517B2B7F30F000CE32C8 /* UILayer */ = {
			isa = PBXGroup;
			children = (
				17A9517E2B7F322300CE32C8 /* Onboarding */,
			);
			path = UILayer;
			sourceTree = "<group>";
		};
		17A9517E2B7F322300CE32C8 /* Onboarding */ = {
			isa = PBXGroup;
			children = (
				17A9517F2B7F324800CE32C8 /* OnboardingViewController.swift */,
				17A951812B7F328600CE32C8 /* OnboardingViewPresenter.swift */,
			);
			path = Onboarding;
			sourceTree = "<group>";
		};
/* End PBXGroup section */

/* Begin PBXNativeTarget section */
		179072C82B7014B80061009F /* FoodDelivery */ = {
			isa = PBXNativeTarget;
			buildConfigurationList = 179072DD2B7014BA0061009F /* Build configuration list for PBXNativeTarget "FoodDelivery" */;
			buildPhases = (
				179072C52B7014B80061009F /* Sources */,
				179072C62B7014B80061009F /* Frameworks */,
				179072C72B7014B80061009F /* Resources */,
			);
			buildRules = (
			);
			dependencies = (
			);
			name = FoodDelivery;
			productName = FoodDelivery;
			productReference = 179072C92B7014B80061009F /* FoodDelivery.app */;
			productType = "com.apple.product-type.application";
		};
/* End PBXNativeTarget section */

/* Begin PBXProject section */
		179072C12B7014B80061009F /* Project object */ = {
			isa = PBXProject;
			attributes = {
				BuildIndependentTargetsInParallel = 1;
				LastSwiftUpdateCheck = 1520;
				LastUpgradeCheck = 1520;
				TargetAttributes = {
					179072C82B7014B80061009F = {
						CreatedOnToolsVersion = 15.2;
					};
				};
			};
			buildConfigurationList = 179072C42B7014B80061009F /* Build configuration list for PBXProject "FoodDelivery" */;
			compatibilityVersion = "Xcode 14.0";
			developmentRegion = en;
			hasScannedForEncodings = 0;
			knownRegions = (
				en,
				Base,
			);
			mainGroup = 179072C02B7014B80061009F;
			productRefGroup = 179072CA2B7014B80061009F /* Products */;
			projectDirPath = "";
			projectRoot = "";
			targets = (
				179072C82B7014B80061009F /* FoodDelivery */,
			);
		};
/* End PBXProject section */

/* Begin PBXResourcesBuildPhase section */
		179072C72B7014B80061009F /* Resources */ = {
			isa = PBXResourcesBuildPhase;
			buildActionMask = 2147483647;
			files = (
				179072FB2B70195B0061009F /* Roboto-Thin.ttf in Resources */,
				179072F82B70195B0061009F /* LICENSE.txt in Resources */,
				179072FC2B70195B0061009F /* Roboto-Black.ttf in Resources */,
				179072FA2B70195B0061009F /* Roboto-Bold.ttf in Resources */,
				179072D92B7014BA0061009F /* LaunchScreen.storyboard in Resources */,
				179072D62B7014BA0061009F /* Assets.xcassets in Resources */,
				179072F52B70195B0061009F /* Roboto-BoldItalic.ttf in Resources */,
				179072F22B70195B0061009F /* Roboto-Regular.ttf in Resources */,
				179072F42B70195B0061009F /* Roboto-ThinItalic.ttf in Resources */,
				179072F62B70195B0061009F /* Roboto-LightItalic.ttf in Resources */,
				179072F92B70195B0061009F /* Roboto-BlackItalic.ttf in Resources */,
				179072F12B70195B0061009F /* Roboto-Light.ttf in Resources */,
				179072F72B70195B0061009F /* Roboto-Italic.ttf in Resources */,
				179072F32B70195B0061009F /* Roboto-MediumItalic.ttf in Resources */,
				179072F02B70195B0061009F /* Roboto-Medium.ttf in Resources */,
			);
			runOnlyForDeploymentPostprocessing = 0;
		};
/* End PBXResourcesBuildPhase section */

/* Begin PBXSourcesBuildPhase section */
		179072C52B7014B80061009F /* Sources */ = {
			isa = PBXSourcesBuildPhase;
			buildActionMask = 2147483647;
			files = (
				179072D12B7014B80061009F /* ViewController.swift in Sources */,
				179073012B701EE20061009F /* UIColor+Extensions.swift in Sources */,
				179072CD2B7014B80061009F /* AppDelegate.swift in Sources */,
				179073032B701F690061009F /* AppColors.swift in Sources */,
				17A951762B7DCF7100CE32C8 /* ListCoordinator.swift in Sources */,
				17A951702B7C836700CE32C8 /* OnboardingCoordinator.swift in Sources */,
				17A9516E2B7C825F00CE32C8 /* AppCoordinator.swift in Sources */,
				17A951802B7F324800CE32C8 /* OnboardingViewController.swift in Sources */,
				17A951742B7DCF6000CE32C8 /* OrderCoordinator.swift in Sources */,
				17A951782B7DCF7600CE32C8 /* ProfileCoordinator.swift in Sources */,
				179072FF2B701AA80061009F /* UIFont+Extensions.swift in Sources */,
				17A951722B7DCEDF00CE32C8 /* HomeCoordinator.swift in Sources */,
				17A9517A2B7DD01000CE32C8 /* TabBarController.swift in Sources */,
				179072CF2B7014B80061009F /* SceneDelegate.swift in Sources */,
				17A951822B7F328600CE32C8 /* OnboardingViewPresenter.swift in Sources */,
				17A293462B70911600FE2384 /* Coordinator.swift in Sources */,
			);
			runOnlyForDeploymentPostprocessing = 0;
		};
/* End PBXSourcesBuildPhase section */

/* Begin PBXVariantGroup section */
		179072D72B7014BA0061009F /* LaunchScreen.storyboard */ = {
			isa = PBXVariantGroup;
			children = (
				179072D82B7014BA0061009F /* Base */,
			);
			name = LaunchScreen.storyboard;
			sourceTree = "<group>";
		};
/* End PBXVariantGroup section */

/* Begin XCBuildConfiguration section */
		179072DB2B7014BA0061009F /* Debug */ = {
			isa = XCBuildConfiguration;
			buildSettings = {
				ALWAYS_SEARCH_USER_PATHS = NO;
				ASSETCATALOG_COMPILER_GENERATE_SWIFT_ASSET_SYMBOL_EXTENSIONS = YES;
				CLANG_ANALYZER_NONNULL = YES;
				CLANG_ANALYZER_NUMBER_OBJECT_CONVERSION = YES_AGGRESSIVE;
				CLANG_CXX_LANGUAGE_STANDARD = "gnu++20";
				CLANG_ENABLE_MODULES = YES;
				CLANG_ENABLE_OBJC_ARC = YES;
				CLANG_ENABLE_OBJC_WEAK = YES;
				CLANG_WARN_BLOCK_CAPTURE_AUTORELEASING = YES;
				CLANG_WARN_BOOL_CONVERSION = YES;
				CLANG_WARN_COMMA = YES;
				CLANG_WARN_CONSTANT_CONVERSION = YES;
				CLANG_WARN_DEPRECATED_OBJC_IMPLEMENTATIONS = YES;
				CLANG_WARN_DIRECT_OBJC_ISA_USAGE = YES_ERROR;
				CLANG_WARN_DOCUMENTATION_COMMENTS = YES;
				CLANG_WARN_EMPTY_BODY = YES;
				CLANG_WARN_ENUM_CONVERSION = YES;
				CLANG_WARN_INFINITE_RECURSION = YES;
				CLANG_WARN_INT_CONVERSION = YES;
				CLANG_WARN_NON_LITERAL_NULL_CONVERSION = YES;
				CLANG_WARN_OBJC_IMPLICIT_RETAIN_SELF = YES;
				CLANG_WARN_OBJC_LITERAL_CONVERSION = YES;
				CLANG_WARN_OBJC_ROOT_CLASS = YES_ERROR;
				CLANG_WARN_QUOTED_INCLUDE_IN_FRAMEWORK_HEADER = YES;
				CLANG_WARN_RANGE_LOOP_ANALYSIS = YES;
				CLANG_WARN_STRICT_PROTOTYPES = YES;
				CLANG_WARN_SUSPICIOUS_MOVE = YES;
				CLANG_WARN_UNGUARDED_AVAILABILITY = YES_AGGRESSIVE;
				CLANG_WARN_UNREACHABLE_CODE = YES;
				CLANG_WARN__DUPLICATE_METHOD_MATCH = YES;
				COPY_PHASE_STRIP = NO;
				DEBUG_INFORMATION_FORMAT = dwarf;
				ENABLE_STRICT_OBJC_MSGSEND = YES;
				ENABLE_TESTABILITY = YES;
				ENABLE_USER_SCRIPT_SANDBOXING = YES;
				GCC_C_LANGUAGE_STANDARD = gnu17;
				GCC_DYNAMIC_NO_PIC = NO;
				GCC_NO_COMMON_BLOCKS = YES;
				GCC_OPTIMIZATION_LEVEL = 0;
				GCC_PREPROCESSOR_DEFINITIONS = (
					"DEBUG=1",
					"$(inherited)",
				);
				GCC_WARN_64_TO_32_BIT_CONVERSION = YES;
				GCC_WARN_ABOUT_RETURN_TYPE = YES_ERROR;
				GCC_WARN_UNDECLARED_SELECTOR = YES;
				GCC_WARN_UNINITIALIZED_AUTOS = YES_AGGRESSIVE;
				GCC_WARN_UNUSED_FUNCTION = YES;
				GCC_WARN_UNUSED_VARIABLE = YES;
				IPHONEOS_DEPLOYMENT_TARGET = 17.2;
				LOCALIZATION_PREFERS_STRING_CATALOGS = YES;
				MTL_ENABLE_DEBUG_INFO = INCLUDE_SOURCE;
				MTL_FAST_MATH = YES;
				ONLY_ACTIVE_ARCH = YES;
				SDKROOT = iphoneos;
				SWIFT_ACTIVE_COMPILATION_CONDITIONS = "DEBUG $(inherited)";
				SWIFT_OPTIMIZATION_LEVEL = "-Onone";
			};
			name = Debug;
		};
		179072DC2B7014BA0061009F /* Release */ = {
			isa = XCBuildConfiguration;
			buildSettings = {
				ALWAYS_SEARCH_USER_PATHS = NO;
				ASSETCATALOG_COMPILER_GENERATE_SWIFT_ASSET_SYMBOL_EXTENSIONS = YES;
				CLANG_ANALYZER_NONNULL = YES;
				CLANG_ANALYZER_NUMBER_OBJECT_CONVERSION = YES_AGGRESSIVE;
				CLANG_CXX_LANGUAGE_STANDARD = "gnu++20";
				CLANG_ENABLE_MODULES = YES;
				CLANG_ENABLE_OBJC_ARC = YES;
				CLANG_ENABLE_OBJC_WEAK = YES;
				CLANG_WARN_BLOCK_CAPTURE_AUTORELEASING = YES;
				CLANG_WARN_BOOL_CONVERSION = YES;
				CLANG_WARN_COMMA = YES;
				CLANG_WARN_CONSTANT_CONVERSION = YES;
				CLANG_WARN_DEPRECATED_OBJC_IMPLEMENTATIONS = YES;
				CLANG_WARN_DIRECT_OBJC_ISA_USAGE = YES_ERROR;
				CLANG_WARN_DOCUMENTATION_COMMENTS = YES;
				CLANG_WARN_EMPTY_BODY = YES;
				CLANG_WARN_ENUM_CONVERSION = YES;
				CLANG_WARN_INFINITE_RECURSION = YES;
				CLANG_WARN_INT_CONVERSION = YES;
				CLANG_WARN_NON_LITERAL_NULL_CONVERSION = YES;
				CLANG_WARN_OBJC_IMPLICIT_RETAIN_SELF = YES;
				CLANG_WARN_OBJC_LITERAL_CONVERSION = YES;
				CLANG_WARN_OBJC_ROOT_CLASS = YES_ERROR;
				CLANG_WARN_QUOTED_INCLUDE_IN_FRAMEWORK_HEADER = YES;
				CLANG_WARN_RANGE_LOOP_ANALYSIS = YES;
				CLANG_WARN_STRICT_PROTOTYPES = YES;
				CLANG_WARN_SUSPICIOUS_MOVE = YES;
				CLANG_WARN_UNGUARDED_AVAILABILITY = YES_AGGRESSIVE;
				CLANG_WARN_UNREACHABLE_CODE = YES;
				CLANG_WARN__DUPLICATE_METHOD_MATCH = YES;
				COPY_PHASE_STRIP = NO;
				DEBUG_INFORMATION_FORMAT = "dwarf-with-dsym";
				ENABLE_NS_ASSERTIONS = NO;
				ENABLE_STRICT_OBJC_MSGSEND = YES;
				ENABLE_USER_SCRIPT_SANDBOXING = YES;
				GCC_C_LANGUAGE_STANDARD = gnu17;
				GCC_NO_COMMON_BLOCKS = YES;
				GCC_WARN_64_TO_32_BIT_CONVERSION = YES;
				GCC_WARN_ABOUT_RETURN_TYPE = YES_ERROR;
				GCC_WARN_UNDECLARED_SELECTOR = YES;
				GCC_WARN_UNINITIALIZED_AUTOS = YES_AGGRESSIVE;
				GCC_WARN_UNUSED_FUNCTION = YES;
				GCC_WARN_UNUSED_VARIABLE = YES;
				IPHONEOS_DEPLOYMENT_TARGET = 17.2;
				LOCALIZATION_PREFERS_STRING_CATALOGS = YES;
				MTL_ENABLE_DEBUG_INFO = NO;
				MTL_FAST_MATH = YES;
				SDKROOT = iphoneos;
				SWIFT_COMPILATION_MODE = wholemodule;
				VALIDATE_PRODUCT = YES;
			};
			name = Release;
		};
		179072DE2B7014BA0061009F /* Debug */ = {
			isa = XCBuildConfiguration;
			buildSettings = {
				ASSETCATALOG_COMPILER_APPICON_NAME = AppIcon;
				ASSETCATALOG_COMPILER_GLOBAL_ACCENT_COLOR_NAME = AccentColor;
				CODE_SIGN_STYLE = Automatic;
				CURRENT_PROJECT_VERSION = 1;
				DEVELOPMENT_TEAM = 6CZNS4ZZ97;
				GENERATE_INFOPLIST_FILE = YES;
				INFOPLIST_FILE = FoodDelivery/Info.plist;
				INFOPLIST_KEY_UIApplicationSupportsIndirectInputEvents = YES;
				INFOPLIST_KEY_UILaunchStoryboardName = LaunchScreen;
				INFOPLIST_KEY_UISupportedInterfaceOrientations = UIInterfaceOrientationPortrait;
				INFOPLIST_KEY_UISupportedInterfaceOrientations_iPad = "UIInterfaceOrientationLandscapeLeft UIInterfaceOrientationLandscapeRight UIInterfaceOrientationPortrait UIInterfaceOrientationPortraitUpsideDown";
				IPHONEOS_DEPLOYMENT_TARGET = 15.0;
				LD_RUNPATH_SEARCH_PATHS = (
					"$(inherited)",
					"@executable_path/Frameworks",
				);
				MARKETING_VERSION = 1.0;
				PRODUCT_BUNDLE_IDENTIFIER = com.salakhovilfat.FoodDelivery;
				PRODUCT_NAME = "$(TARGET_NAME)";
				SUPPORTED_PLATFORMS = "iphoneos iphonesimulator";
				SUPPORTS_MACCATALYST = NO;
				SUPPORTS_MAC_DESIGNED_FOR_IPHONE_IPAD = NO;
				SUPPORTS_XR_DESIGNED_FOR_IPHONE_IPAD = NO;
				SWIFT_EMIT_LOC_STRINGS = YES;
				SWIFT_VERSION = 5.0;
				TARGETED_DEVICE_FAMILY = 1;
			};
			name = Debug;
		};
		179072DF2B7014BA0061009F /* Release */ = {
			isa = XCBuildConfiguration;
			buildSettings = {
				ASSETCATALOG_COMPILER_APPICON_NAME = AppIcon;
				ASSETCATALOG_COMPILER_GLOBAL_ACCENT_COLOR_NAME = AccentColor;
				CODE_SIGN_STYLE = Automatic;
				CURRENT_PROJECT_VERSION = 1;
				DEVELOPMENT_TEAM = 6CZNS4ZZ97;
				GENERATE_INFOPLIST_FILE = YES;
				INFOPLIST_FILE = FoodDelivery/Info.plist;
				INFOPLIST_KEY_UIApplicationSupportsIndirectInputEvents = YES;
				INFOPLIST_KEY_UILaunchStoryboardName = LaunchScreen;
				INFOPLIST_KEY_UISupportedInterfaceOrientations = UIInterfaceOrientationPortrait;
				INFOPLIST_KEY_UISupportedInterfaceOrientations_iPad = "UIInterfaceOrientationLandscapeLeft UIInterfaceOrientationLandscapeRight UIInterfaceOrientationPortrait UIInterfaceOrientationPortraitUpsideDown";
				IPHONEOS_DEPLOYMENT_TARGET = 15.0;
				LD_RUNPATH_SEARCH_PATHS = (
					"$(inherited)",
					"@executable_path/Frameworks",
				);
				MARKETING_VERSION = 1.0;
				PRODUCT_BUNDLE_IDENTIFIER = com.salakhovilfat.FoodDelivery;
				PRODUCT_NAME = "$(TARGET_NAME)";
				SUPPORTED_PLATFORMS = "iphoneos iphonesimulator";
				SUPPORTS_MACCATALYST = NO;
				SUPPORTS_MAC_DESIGNED_FOR_IPHONE_IPAD = NO;
				SUPPORTS_XR_DESIGNED_FOR_IPHONE_IPAD = NO;
				SWIFT_EMIT_LOC_STRINGS = YES;
				SWIFT_VERSION = 5.0;
				TARGETED_DEVICE_FAMILY = 1;
			};
			name = Release;
		};
/* End XCBuildConfiguration section */

/* Begin XCConfigurationList section */
		179072C42B7014B80061009F /* Build configuration list for PBXProject "FoodDelivery" */ = {
			isa = XCConfigurationList;
			buildConfigurations = (
				179072DB2B7014BA0061009F /* Debug */,
				179072DC2B7014BA0061009F /* Release */,
			);
			defaultConfigurationIsVisible = 0;
			defaultConfigurationName = Release;
		};
		179072DD2B7014BA0061009F /* Build configuration list for PBXNativeTarget "FoodDelivery" */ = {
			isa = XCConfigurationList;
			buildConfigurations = (
				179072DE2B7014BA0061009F /* Debug */,
				179072DF2B7014BA0061009F /* Release */,
			);
			defaultConfigurationIsVisible = 0;
			defaultConfigurationName = Release;
		};
/* End XCConfigurationList section */
	};
	rootObject = 179072C12B7014B80061009F /* Project object */;
}
